// !$*UTF8*$!
{
	archiveVersion = 1;
	classes = {
	};
	objectVersion = 56;
	objects = {

/* Begin PBXBuildFile section */
		7D0B98932980842700EFBDAA /* GreenViewController.swift in Sources */ = {isa = PBXBuildFile; fileRef = 7D0B98922980842700EFBDAA /* GreenViewController.swift */; };
		7D0B98952980859F00EFBDAA /* BlueViewController.swift in Sources */ = {isa = PBXBuildFile; fileRef = 7D0B98942980859F00EFBDAA /* BlueViewController.swift */; };
		7D0B9898298087C000EFBDAA /* RootCoordinator+Ext.swift in Sources */ = {isa = PBXBuildFile; fileRef = 7D0B9897298087C000EFBDAA /* RootCoordinator+Ext.swift */; };
		7D0B989A2980890F00EFBDAA /* GreenCoordinator.swift in Sources */ = {isa = PBXBuildFile; fileRef = 7D0B98992980890F00EFBDAA /* GreenCoordinator.swift */; };
		7D56E2162920293800FE18B3 /* AppDelegate.swift in Sources */ = {isa = PBXBuildFile; fileRef = 7D56E2152920293800FE18B3 /* AppDelegate.swift */; };
		7D56E2182920293800FE18B3 /* SceneDelegate.swift in Sources */ = {isa = PBXBuildFile; fileRef = 7D56E2172920293800FE18B3 /* SceneDelegate.swift */; };
		7D56E21F2920293B00FE18B3 /* Assets.xcassets in Resources */ = {isa = PBXBuildFile; fileRef = 7D56E21E2920293B00FE18B3 /* Assets.xcassets */; };
		7D56E2222920293B00FE18B3 /* LaunchScreen.storyboard in Resources */ = {isa = PBXBuildFile; fileRef = 7D56E2202920293B00FE18B3 /* LaunchScreen.storyboard */; };
		7D56E22B29202C9200FE18B3 /* Coordinator.swift in Sources */ = {isa = PBXBuildFile; fileRef = 7D56E22A29202C9200FE18B3 /* Coordinator.swift */; };
		7D56E22E29202D1600FE18B3 /* UINavigationController+Ext.swift in Sources */ = {isa = PBXBuildFile; fileRef = 7D56E22D29202D1600FE18B3 /* UINavigationController+Ext.swift */; };
		7D56E2302920343500FE18B3 /* RootCoordinator.swift in Sources */ = {isa = PBXBuildFile; fileRef = 7D56E22F2920343500FE18B3 /* RootCoordinator.swift */; };
		7D56E23329203FD200FE18B3 /* BaseTabBarController.swift in Sources */ = {isa = PBXBuildFile; fileRef = 7D56E23229203FD200FE18B3 /* BaseTabBarController.swift */; };
		7D56E2362920425800FE18B3 /* Storyboarded.swift in Sources */ = {isa = PBXBuildFile; fileRef = 7D56E2352920425700FE18B3 /* Storyboarded.swift */; };
		7D5CB0AF298180D400CA6C0D /* BlueCoordinator.swift in Sources */ = {isa = PBXBuildFile; fileRef = 7D5CB0AE298180D400CA6C0D /* BlueCoordinator.swift */; };
		7D5CB0B12981840100CA6C0D /* LavenderViewController.swift in Sources */ = {isa = PBXBuildFile; fileRef = 7D5CB0B02981840100CA6C0D /* LavenderViewController.swift */; };
		7D5CB0B32981845900CA6C0D /* LavenderCoordinator.swift in Sources */ = {isa = PBXBuildFile; fileRef = 7D5CB0B22981845900CA6C0D /* LavenderCoordinator.swift */; };
		7D5CB0B52981A7D800CA6C0D /* AuthCoordinator.swift in Sources */ = {isa = PBXBuildFile; fileRef = 7D5CB0B42981A7D800CA6C0D /* AuthCoordinator.swift */; };
		7D5CB0B92981AABD00CA6C0D /* DisposableViewController.swift in Sources */ = {isa = PBXBuildFile; fileRef = 7D5CB0B82981AABD00CA6C0D /* DisposableViewController.swift */; };
		7D5CB0BC2981B15400CA6C0D /* ConsoleLogger.swift in Sources */ = {isa = PBXBuildFile; fileRef = 7D5CB0BB2981B15400CA6C0D /* ConsoleLogger.swift */; };
		7D5CB0C02981B3A800CA6C0D /* LoginViewController.swift in Sources */ = {isa = PBXBuildFile; fileRef = 7D5CB0BF2981B3A800CA6C0D /* LoginViewController.swift */; };
		7D5CB0C42981B79500CA6C0D /* LoginCoordinator.swift in Sources */ = {isa = PBXBuildFile; fileRef = 7D5CB0C32981B79500CA6C0D /* LoginCoordinator.swift */; };
		7D5CB0C62981BA2100CA6C0D /* AuthCoordinator+Ext.swift in Sources */ = {isa = PBXBuildFile; fileRef = 7D5CB0C52981BA2100CA6C0D /* AuthCoordinator+Ext.swift */; };
		7D5CB0CA2982CEA400CA6C0D /* RegisterViewController.swift in Sources */ = {isa = PBXBuildFile; fileRef = 7D5CB0C92982CEA400CA6C0D /* RegisterViewController.swift */; };
		7D5CB0CC2982D1D400CA6C0D /* RegisterCoordinator.swift in Sources */ = {isa = PBXBuildFile; fileRef = 7D5CB0CB2982D1D400CA6C0D /* RegisterCoordinator.swift */; };
		7D5CB0CE2982FA3800CA6C0D /* ForgotPasswordViewController.swift in Sources */ = {isa = PBXBuildFile; fileRef = 7D5CB0CD2982FA3800CA6C0D /* ForgotPasswordViewController.swift */; };
		7D5CB0D02982FACD00CA6C0D /* ForgotPasswordCoordinator.swift in Sources */ = {isa = PBXBuildFile; fileRef = 7D5CB0CF2982FACC00CA6C0D /* ForgotPasswordCoordinator.swift */; };
		7D5CB0D42984243E00CA6C0D /* MerchCoordinator.swift in Sources */ = {isa = PBXBuildFile; fileRef = 7D5CB0D32984243E00CA6C0D /* MerchCoordinator.swift */; };
		7D5CB0D62984255000CA6C0D /* MerchCoordinator+Ext.swift in Sources */ = {isa = PBXBuildFile; fileRef = 7D5CB0D52984255000CA6C0D /* MerchCoordinator+Ext.swift */; };
		7D5CB0D92984288300CA6C0D /* ProductsViewController.swift in Sources */ = {isa = PBXBuildFile; fileRef = 7D5CB0D82984288300CA6C0D /* ProductsViewController.swift */; };
		7D5CB0DB298429CC00CA6C0D /* ProductsCoordinator.swift in Sources */ = {isa = PBXBuildFile; fileRef = 7D5CB0DA298429CC00CA6C0D /* ProductsCoordinator.swift */; };
		7D5CB0DD29843A9800CA6C0D /* SquareCoordinator.swift in Sources */ = {isa = PBXBuildFile; fileRef = 7D5CB0DC29843A9800CA6C0D /* SquareCoordinator.swift */; };
		7D5CB0DF29843ADE00CA6C0D /* SquareViewController.swift in Sources */ = {isa = PBXBuildFile; fileRef = 7D5CB0DE29843ADE00CA6C0D /* SquareViewController.swift */; };
		7D5CB0E129844AA800CA6C0D /* TextViewerViewController.swift in Sources */ = {isa = PBXBuildFile; fileRef = 7D5CB0E029844AA800CA6C0D /* TextViewerViewController.swift */; };
		7D5CB0E32984523200CA6C0D /* MessageViewerCoordinator.swift in Sources */ = {isa = PBXBuildFile; fileRef = 7D5CB0E22984523200CA6C0D /* MessageViewerCoordinator.swift */; };
		7D5CB0E529845D5700CA6C0D /* CommonTextCoordinator.swift in Sources */ = {isa = PBXBuildFile; fileRef = 7D5CB0E429845D5700CA6C0D /* CommonTextCoordinator.swift */; };
		7D5CB0E72985942100CA6C0D /* UIApplicatioin+Ext.swift in Sources */ = {isa = PBXBuildFile; fileRef = 7D5CB0E62985942100CA6C0D /* UIApplicatioin+Ext.swift */; };
/* End PBXBuildFile section */

/* Begin PBXFileReference section */
		7D0B98922980842700EFBDAA /* GreenViewController.swift */ = {isa = PBXFileReference; lastKnownFileType = sourcecode.swift; path = GreenViewController.swift; sourceTree = "<group>"; };
		7D0B98942980859F00EFBDAA /* BlueViewController.swift */ = {isa = PBXFileReference; lastKnownFileType = sourcecode.swift; path = BlueViewController.swift; sourceTree = "<group>"; };
		7D0B9897298087C000EFBDAA /* RootCoordinator+Ext.swift */ = {isa = PBXFileReference; lastKnownFileType = sourcecode.swift; path = "RootCoordinator+Ext.swift"; sourceTree = "<group>"; };
		7D0B98992980890F00EFBDAA /* GreenCoordinator.swift */ = {isa = PBXFileReference; lastKnownFileType = sourcecode.swift; path = GreenCoordinator.swift; sourceTree = "<group>"; };
		7D56E2122920293800FE18B3 /* coordinator.app */ = {isa = PBXFileReference; explicitFileType = wrapper.application; includeInIndex = 0; path = coordinator.app; sourceTree = BUILT_PRODUCTS_DIR; };
		7D56E2152920293800FE18B3 /* AppDelegate.swift */ = {isa = PBXFileReference; lastKnownFileType = sourcecode.swift; path = AppDelegate.swift; sourceTree = "<group>"; };
		7D56E2172920293800FE18B3 /* SceneDelegate.swift */ = {isa = PBXFileReference; lastKnownFileType = sourcecode.swift; path = SceneDelegate.swift; sourceTree = "<group>"; };
		7D56E21E2920293B00FE18B3 /* Assets.xcassets */ = {isa = PBXFileReference; lastKnownFileType = folder.assetcatalog; path = Assets.xcassets; sourceTree = "<group>"; };
		7D56E2212920293B00FE18B3 /* Base */ = {isa = PBXFileReference; lastKnownFileType = file.storyboard; name = Base; path = Base.lproj/LaunchScreen.storyboard; sourceTree = "<group>"; };
		7D56E2232920293B00FE18B3 /* Info.plist */ = {isa = PBXFileReference; lastKnownFileType = text.plist.xml; path = Info.plist; sourceTree = "<group>"; };
		7D56E22A29202C9200FE18B3 /* Coordinator.swift */ = {isa = PBXFileReference; lastKnownFileType = sourcecode.swift; path = Coordinator.swift; sourceTree = "<group>"; };
		7D56E22D29202D1600FE18B3 /* UINavigationController+Ext.swift */ = {isa = PBXFileReference; lastKnownFileType = sourcecode.swift; path = "UINavigationController+Ext.swift"; sourceTree = "<group>"; };
		7D56E22F2920343500FE18B3 /* RootCoordinator.swift */ = {isa = PBXFileReference; lastKnownFileType = sourcecode.swift; path = RootCoordinator.swift; sourceTree = "<group>"; };
		7D56E23229203FD200FE18B3 /* BaseTabBarController.swift */ = {isa = PBXFileReference; lastKnownFileType = sourcecode.swift; path = BaseTabBarController.swift; sourceTree = "<group>"; };
		7D56E2352920425700FE18B3 /* Storyboarded.swift */ = {isa = PBXFileReference; lastKnownFileType = sourcecode.swift; path = Storyboarded.swift; sourceTree = "<group>"; };
		7D5CB0AE298180D400CA6C0D /* BlueCoordinator.swift */ = {isa = PBXFileReference; lastKnownFileType = sourcecode.swift; path = BlueCoordinator.swift; sourceTree = "<group>"; };
		7D5CB0B02981840100CA6C0D /* LavenderViewController.swift */ = {isa = PBXFileReference; lastKnownFileType = sourcecode.swift; path = LavenderViewController.swift; sourceTree = "<group>"; };
		7D5CB0B22981845900CA6C0D /* LavenderCoordinator.swift */ = {isa = PBXFileReference; lastKnownFileType = sourcecode.swift; path = LavenderCoordinator.swift; sourceTree = "<group>"; };
		7D5CB0B42981A7D800CA6C0D /* AuthCoordinator.swift */ = {isa = PBXFileReference; lastKnownFileType = sourcecode.swift; path = AuthCoordinator.swift; sourceTree = "<group>"; };
		7D5CB0B82981AABD00CA6C0D /* DisposableViewController.swift */ = {isa = PBXFileReference; lastKnownFileType = sourcecode.swift; path = DisposableViewController.swift; sourceTree = "<group>"; };
		7D5CB0BB2981B15400CA6C0D /* ConsoleLogger.swift */ = {isa = PBXFileReference; lastKnownFileType = sourcecode.swift; path = ConsoleLogger.swift; sourceTree = "<group>"; };
		7D5CB0BF2981B3A800CA6C0D /* LoginViewController.swift */ = {isa = PBXFileReference; lastKnownFileType = sourcecode.swift; path = LoginViewController.swift; sourceTree = "<group>"; };
		7D5CB0C32981B79500CA6C0D /* LoginCoordinator.swift */ = {isa = PBXFileReference; lastKnownFileType = sourcecode.swift; path = LoginCoordinator.swift; sourceTree = "<group>"; };
		7D5CB0C52981BA2100CA6C0D /* AuthCoordinator+Ext.swift */ = {isa = PBXFileReference; lastKnownFileType = sourcecode.swift; path = "AuthCoordinator+Ext.swift"; sourceTree = "<group>"; };
		7D5CB0C92982CEA400CA6C0D /* RegisterViewController.swift */ = {isa = PBXFileReference; lastKnownFileType = sourcecode.swift; path = RegisterViewController.swift; sourceTree = "<group>"; };
		7D5CB0CB2982D1D400CA6C0D /* RegisterCoordinator.swift */ = {isa = PBXFileReference; lastKnownFileType = sourcecode.swift; path = RegisterCoordinator.swift; sourceTree = "<group>"; };
		7D5CB0CD2982FA3800CA6C0D /* ForgotPasswordViewController.swift */ = {isa = PBXFileReference; lastKnownFileType = sourcecode.swift; path = ForgotPasswordViewController.swift; sourceTree = "<group>"; };
		7D5CB0CF2982FACC00CA6C0D /* ForgotPasswordCoordinator.swift */ = {isa = PBXFileReference; lastKnownFileType = sourcecode.swift; path = ForgotPasswordCoordinator.swift; sourceTree = "<group>"; };
		7D5CB0D32984243E00CA6C0D /* MerchCoordinator.swift */ = {isa = PBXFileReference; lastKnownFileType = sourcecode.swift; path = MerchCoordinator.swift; sourceTree = "<group>"; };
		7D5CB0D52984255000CA6C0D /* MerchCoordinator+Ext.swift */ = {isa = PBXFileReference; lastKnownFileType = sourcecode.swift; path = "MerchCoordinator+Ext.swift"; sourceTree = "<group>"; };
		7D5CB0D82984288300CA6C0D /* ProductsViewController.swift */ = {isa = PBXFileReference; lastKnownFileType = sourcecode.swift; path = ProductsViewController.swift; sourceTree = "<group>"; };
		7D5CB0DA298429CC00CA6C0D /* ProductsCoordinator.swift */ = {isa = PBXFileReference; lastKnownFileType = sourcecode.swift; path = ProductsCoordinator.swift; sourceTree = "<group>"; };
		7D5CB0DC29843A9800CA6C0D /* SquareCoordinator.swift */ = {isa = PBXFileReference; lastKnownFileType = sourcecode.swift; path = SquareCoordinator.swift; sourceTree = "<group>"; };
		7D5CB0DE29843ADE00CA6C0D /* SquareViewController.swift */ = {isa = PBXFileReference; lastKnownFileType = sourcecode.swift; path = SquareViewController.swift; sourceTree = "<group>"; };
		7D5CB0E029844AA800CA6C0D /* TextViewerViewController.swift */ = {isa = PBXFileReference; lastKnownFileType = sourcecode.swift; path = TextViewerViewController.swift; sourceTree = "<group>"; };
		7D5CB0E22984523200CA6C0D /* MessageViewerCoordinator.swift */ = {isa = PBXFileReference; lastKnownFileType = sourcecode.swift; path = MessageViewerCoordinator.swift; sourceTree = "<group>"; };
		7D5CB0E429845D5700CA6C0D /* CommonTextCoordinator.swift */ = {isa = PBXFileReference; lastKnownFileType = sourcecode.swift; path = CommonTextCoordinator.swift; sourceTree = "<group>"; };
		7D5CB0E62985942100CA6C0D /* UIApplicatioin+Ext.swift */ = {isa = PBXFileReference; lastKnownFileType = sourcecode.swift; path = "UIApplicatioin+Ext.swift"; sourceTree = "<group>"; };
/* End PBXFileReference section */

/* Begin PBXFrameworksBuildPhase section */
		7D56E20F2920293800FE18B3 /* Frameworks */ = {
			isa = PBXFrameworksBuildPhase;
			buildActionMask = 2147483647;
			files = (
			);
			runOnlyForDeploymentPostprocessing = 0;
		};
/* End PBXFrameworksBuildPhase section */

/* Begin PBXGroup section */
		7D56E2092920293800FE18B3 = {
			isa = PBXGroup;
			children = (
				7D56E2142920293800FE18B3 /* coordinator */,
				7D56E2132920293800FE18B3 /* Products */,
			);
			sourceTree = "<group>";
		};
		7D56E2132920293800FE18B3 /* Products */ = {
			isa = PBXGroup;
			children = (
				7D56E2122920293800FE18B3 /* coordinator.app */,
			);
			name = Products;
			sourceTree = "<group>";
		};
		7D56E2142920293800FE18B3 /* coordinator */ = {
			isa = PBXGroup;
			children = (
				7D5CB0D1298300BE00CA6C0D /* Helpers */,
				7D5CB0BA2981B14900CA6C0D /* Services */,
				7D56E2342920424000FE18B3 /* Protocols */,
				7D56E23129203E7800FE18B3 /* View Controllers */,
				7D56E22C29202CE900FE18B3 /* Extenstions */,
				7D56E22929202C7700FE18B3 /* Coordinators */,
				7D56E2152920293800FE18B3 /* AppDelegate.swift */,
				7D56E2172920293800FE18B3 /* SceneDelegate.swift */,
				7D56E21E2920293B00FE18B3 /* Assets.xcassets */,
				7D56E2202920293B00FE18B3 /* LaunchScreen.storyboard */,
				7D56E2232920293B00FE18B3 /* Info.plist */,
			);
			path = coordinator;
			sourceTree = "<group>";
		};
		7D56E22929202C7700FE18B3 /* Coordinators */ = {
			isa = PBXGroup;
			children = (
				7D56E22A29202C9200FE18B3 /* Coordinator.swift */,
				7D5CB0D22984240300CA6C0D /* Merch */,
				7D5CB0C22981B77400CA6C0D /* Auth */,
				7D5CB0B72981A82200CA6C0D /* Main */,
			);
			path = Coordinators;
			sourceTree = "<group>";
		};
		7D56E22C29202CE900FE18B3 /* Extenstions */ = {
			isa = PBXGroup;
			children = (
				7D56E22D29202D1600FE18B3 /* UINavigationController+Ext.swift */,
				7D5CB0E62985942100CA6C0D /* UIApplicatioin+Ext.swift */,
			);
			path = Extenstions;
			sourceTree = "<group>";
		};
		7D56E23129203E7800FE18B3 /* View Controllers */ = {
			isa = PBXGroup;
			children = (
				7D5CB0E029844AA800CA6C0D /* TextViewerViewController.swift */,
				7D5CB0D72984286500CA6C0D /* Merch */,
				7D5CB0BE2981B38000CA6C0D /* Main */,
				7D5CB0BD2981B37400CA6C0D /* Auth */,
			);
			path = "View Controllers";
			sourceTree = "<group>";
		};
		7D56E2342920424000FE18B3 /* Protocols */ = {
			isa = PBXGroup;
			children = (
				7D56E2352920425700FE18B3 /* Storyboarded.swift */,
				7D5CB0B82981AABD00CA6C0D /* DisposableViewController.swift */,
			);
			path = Protocols;
			sourceTree = "<group>";
		};
		7D5CB0B72981A82200CA6C0D /* Main */ = {
			isa = PBXGroup;
			children = (
				7D56E22F2920343500FE18B3 /* RootCoordinator.swift */,
				7D0B9897298087C000EFBDAA /* RootCoordinator+Ext.swift */,
				7D0B98992980890F00EFBDAA /* GreenCoordinator.swift */,
				7D5CB0AE298180D400CA6C0D /* BlueCoordinator.swift */,
				7D5CB0B22981845900CA6C0D /* LavenderCoordinator.swift */,
				7D5CB0E429845D5700CA6C0D /* CommonTextCoordinator.swift */,
			);
			path = Main;
			sourceTree = "<group>";
		};
		7D5CB0BA2981B14900CA6C0D /* Services */ = {
			isa = PBXGroup;
			children = (
				7D5CB0BB2981B15400CA6C0D /* ConsoleLogger.swift */,
			);
			path = Services;
			sourceTree = "<group>";
		};
		7D5CB0BD2981B37400CA6C0D /* Auth */ = {
			isa = PBXGroup;
			children = (
				7D5CB0BF2981B3A800CA6C0D /* LoginViewController.swift */,
				7D5CB0C92982CEA400CA6C0D /* RegisterViewController.swift */,
				7D5CB0CD2982FA3800CA6C0D /* ForgotPasswordViewController.swift */,
			);
			path = Auth;
			sourceTree = "<group>";
		};
		7D5CB0BE2981B38000CA6C0D /* Main */ = {
			isa = PBXGroup;
			children = (
				7D56E23229203FD200FE18B3 /* BaseTabBarController.swift */,
				7D0B98922980842700EFBDAA /* GreenViewController.swift */,
				7D0B98942980859F00EFBDAA /* BlueViewController.swift */,
				7D5CB0B02981840100CA6C0D /* LavenderViewController.swift */,
			);
			path = Main;
			sourceTree = "<group>";
		};
		7D5CB0C22981B77400CA6C0D /* Auth */ = {
			isa = PBXGroup;
			children = (
				7D5CB0B42981A7D800CA6C0D /* AuthCoordinator.swift */,
				7D5CB0C52981BA2100CA6C0D /* AuthCoordinator+Ext.swift */,
				7D5CB0C32981B79500CA6C0D /* LoginCoordinator.swift */,
				7D5CB0CB2982D1D400CA6C0D /* RegisterCoordinator.swift */,
				7D5CB0CF2982FACC00CA6C0D /* ForgotPasswordCoordinator.swift */,
			);
			path = Auth;
			sourceTree = "<group>";
		};
		7D5CB0D1298300BE00CA6C0D /* Helpers */ = {
			isa = PBXGroup;
			children = (
			);
			path = Helpers;
			sourceTree = "<group>";
		};
		7D5CB0D22984240300CA6C0D /* Merch */ = {
			isa = PBXGroup;
			children = (
				7D5CB0D32984243E00CA6C0D /* MerchCoordinator.swift */,
				7D5CB0DA298429CC00CA6C0D /* ProductsCoordinator.swift */,
				7D5CB0DC29843A9800CA6C0D /* SquareCoordinator.swift */,
				7D5CB0D52984255000CA6C0D /* MerchCoordinator+Ext.swift */,
				7D5CB0E22984523200CA6C0D /* MessageViewerCoordinator.swift */,
			);
			path = Merch;
			sourceTree = "<group>";
		};
		7D5CB0D72984286500CA6C0D /* Merch */ = {
			isa = PBXGroup;
			children = (
				7D5CB0D82984288300CA6C0D /* ProductsViewController.swift */,
				7D5CB0DE29843ADE00CA6C0D /* SquareViewController.swift */,
			);
			path = Merch;
			sourceTree = "<group>";
		};
/* End PBXGroup section */

/* Begin PBXNativeTarget section */
		7D56E2112920293800FE18B3 /* coordinator */ = {
			isa = PBXNativeTarget;
			buildConfigurationList = 7D56E2262920293B00FE18B3 /* Build configuration list for PBXNativeTarget "coordinator" */;
			buildPhases = (
				7D56E20E2920293800FE18B3 /* Sources */,
				7D56E20F2920293800FE18B3 /* Frameworks */,
				7D56E2102920293800FE18B3 /* Resources */,
			);
			buildRules = (
			);
			dependencies = (
			);
			name = coordinator;
			productName = coordinator;
			productReference = 7D56E2122920293800FE18B3 /* coordinator.app */;
			productType = "com.apple.product-type.application";
		};
/* End PBXNativeTarget section */

/* Begin PBXProject section */
		7D56E20A2920293800FE18B3 /* Project object */ = {
			isa = PBXProject;
			attributes = {
				BuildIndependentTargetsInParallel = 1;
				LastSwiftUpdateCheck = 1410;
				LastUpgradeCheck = 1410;
				TargetAttributes = {
					7D56E2112920293800FE18B3 = {
						CreatedOnToolsVersion = 14.1;
					};
				};
			};
			buildConfigurationList = 7D56E20D2920293800FE18B3 /* Build configuration list for PBXProject "coordinator" */;
			compatibilityVersion = "Xcode 14.0";
			developmentRegion = en;
			hasScannedForEncodings = 0;
			knownRegions = (
				en,
				Base,
			);
			mainGroup = 7D56E2092920293800FE18B3;
			productRefGroup = 7D56E2132920293800FE18B3 /* Products */;
			projectDirPath = "";
			projectRoot = "";
			targets = (
				7D56E2112920293800FE18B3 /* coordinator */,
			);
		};
/* End PBXProject section */

/* Begin PBXResourcesBuildPhase section */
		7D56E2102920293800FE18B3 /* Resources */ = {
			isa = PBXResourcesBuildPhase;
			buildActionMask = 2147483647;
			files = (
				7D56E2222920293B00FE18B3 /* LaunchScreen.storyboard in Resources */,
				7D56E21F2920293B00FE18B3 /* Assets.xcassets in Resources */,
			);
			runOnlyForDeploymentPostprocessing = 0;
		};
/* End PBXResourcesBuildPhase section */

/* Begin PBXSourcesBuildPhase section */
		7D56E20E2920293800FE18B3 /* Sources */ = {
			isa = PBXSourcesBuildPhase;
			buildActionMask = 2147483647;
			files = (
				7D5CB0D62984255000CA6C0D /* MerchCoordinator+Ext.swift in Sources */,
				7D0B98932980842700EFBDAA /* GreenViewController.swift in Sources */,
				7D5CB0CE2982FA3800CA6C0D /* ForgotPasswordViewController.swift in Sources */,
				7D5CB0D02982FACD00CA6C0D /* ForgotPasswordCoordinator.swift in Sources */,
				7D56E22B29202C9200FE18B3 /* Coordinator.swift in Sources */,
				7D5CB0C42981B79500CA6C0D /* LoginCoordinator.swift in Sources */,
				7D5CB0D92984288300CA6C0D /* ProductsViewController.swift in Sources */,
				7D0B989A2980890F00EFBDAA /* GreenCoordinator.swift in Sources */,
				7D5CB0DB298429CC00CA6C0D /* ProductsCoordinator.swift in Sources */,
				7D56E22E29202D1600FE18B3 /* UINavigationController+Ext.swift in Sources */,
				7D5CB0C62981BA2100CA6C0D /* AuthCoordinator+Ext.swift in Sources */,
				7D5CB0D42984243E00CA6C0D /* MerchCoordinator.swift in Sources */,
				7D5CB0C02981B3A800CA6C0D /* LoginViewController.swift in Sources */,
				7D5CB0B92981AABD00CA6C0D /* DisposableViewController.swift in Sources */,
				7D56E2162920293800FE18B3 /* AppDelegate.swift in Sources */,
				7D5CB0E129844AA800CA6C0D /* TextViewerViewController.swift in Sources */,
				7D5CB0CA2982CEA400CA6C0D /* RegisterViewController.swift in Sources */,
				7D5CB0B32981845900CA6C0D /* LavenderCoordinator.swift in Sources */,
				7D5CB0B52981A7D800CA6C0D /* AuthCoordinator.swift in Sources */,
				7D56E23329203FD200FE18B3 /* BaseTabBarController.swift in Sources */,
				7D5CB0E72985942100CA6C0D /* UIApplicatioin+Ext.swift in Sources */,
				7D5CB0E32984523200CA6C0D /* MessageViewerCoordinator.swift in Sources */,
				7D5CB0CC2982D1D400CA6C0D /* RegisterCoordinator.swift in Sources */,
				7D5CB0B12981840100CA6C0D /* LavenderViewController.swift in Sources */,
				7D56E2302920343500FE18B3 /* RootCoordinator.swift in Sources */,
				7D56E2182920293800FE18B3 /* SceneDelegate.swift in Sources */,
				7D5CB0DF29843ADE00CA6C0D /* SquareViewController.swift in Sources */,
				7D5CB0AF298180D400CA6C0D /* BlueCoordinator.swift in Sources */,
				7D5CB0E529845D5700CA6C0D /* CommonTextCoordinator.swift in Sources */,
				7D0B9898298087C000EFBDAA /* RootCoordinator+Ext.swift in Sources */,
				7D5CB0BC2981B15400CA6C0D /* ConsoleLogger.swift in Sources */,
				7D0B98952980859F00EFBDAA /* BlueViewController.swift in Sources */,
				7D5CB0DD29843A9800CA6C0D /* SquareCoordinator.swift in Sources */,
				7D56E2362920425800FE18B3 /* Storyboarded.swift in Sources */,
			);
			runOnlyForDeploymentPostprocessing = 0;
		};
/* End PBXSourcesBuildPhase section */

/* Begin PBXVariantGroup section */
		7D56E2202920293B00FE18B3 /* LaunchScreen.storyboard */ = {
			isa = PBXVariantGroup;
			children = (
				7D56E2212920293B00FE18B3 /* Base */,
			);
			name = LaunchScreen.storyboard;
			sourceTree = "<group>";
		};
/* End PBXVariantGroup section */

/* Begin XCBuildConfiguration section */
		7D56E2242920293B00FE18B3 /* Debug */ = {
			isa = XCBuildConfiguration;
			buildSettings = {
				ALWAYS_SEARCH_USER_PATHS = NO;
				CLANG_ANALYZER_NONNULL = YES;
				CLANG_ANALYZER_NUMBER_OBJECT_CONVERSION = YES_AGGRESSIVE;
				CLANG_CXX_LANGUAGE_STANDARD = "gnu++20";
				CLANG_ENABLE_MODULES = YES;
				CLANG_ENABLE_OBJC_ARC = YES;
				CLANG_ENABLE_OBJC_WEAK = YES;
				CLANG_WARN_BLOCK_CAPTURE_AUTORELEASING = YES;
				CLANG_WARN_BOOL_CONVERSION = YES;
				CLANG_WARN_COMMA = YES;
				CLANG_WARN_CONSTANT_CONVERSION = YES;
				CLANG_WARN_DEPRECATED_OBJC_IMPLEMENTATIONS = YES;
				CLANG_WARN_DIRECT_OBJC_ISA_USAGE = YES_ERROR;
				CLANG_WARN_DOCUMENTATION_COMMENTS = YES;
				CLANG_WARN_EMPTY_BODY = YES;
				CLANG_WARN_ENUM_CONVERSION = YES;
				CLANG_WARN_INFINITE_RECURSION = YES;
				CLANG_WARN_INT_CONVERSION = YES;
				CLANG_WARN_NON_LITERAL_NULL_CONVERSION = YES;
				CLANG_WARN_OBJC_IMPLICIT_RETAIN_SELF = YES;
				CLANG_WARN_OBJC_LITERAL_CONVERSION = YES;
				CLANG_WARN_OBJC_ROOT_CLASS = YES_ERROR;
				CLANG_WARN_QUOTED_INCLUDE_IN_FRAMEWORK_HEADER = YES;
				CLANG_WARN_RANGE_LOOP_ANALYSIS = YES;
				CLANG_WARN_STRICT_PROTOTYPES = YES;
				CLANG_WARN_SUSPICIOUS_MOVE = YES;
				CLANG_WARN_UNGUARDED_AVAILABILITY = YES_AGGRESSIVE;
				CLANG_WARN_UNREACHABLE_CODE = YES;
				CLANG_WARN__DUPLICATE_METHOD_MATCH = YES;
				COPY_PHASE_STRIP = NO;
				DEBUG_INFORMATION_FORMAT = dwarf;
				ENABLE_STRICT_OBJC_MSGSEND = YES;
				ENABLE_TESTABILITY = YES;
				GCC_C_LANGUAGE_STANDARD = gnu11;
				GCC_DYNAMIC_NO_PIC = NO;
				GCC_NO_COMMON_BLOCKS = YES;
				GCC_OPTIMIZATION_LEVEL = 0;
				GCC_PREPROCESSOR_DEFINITIONS = (
					"DEBUG=1",
					"$(inherited)",
				);
				GCC_WARN_64_TO_32_BIT_CONVERSION = YES;
				GCC_WARN_ABOUT_RETURN_TYPE = YES_ERROR;
				GCC_WARN_UNDECLARED_SELECTOR = YES;
				GCC_WARN_UNINITIALIZED_AUTOS = YES_AGGRESSIVE;
				GCC_WARN_UNUSED_FUNCTION = YES;
				GCC_WARN_UNUSED_VARIABLE = YES;
				IPHONEOS_DEPLOYMENT_TARGET = 16.1;
				MTL_ENABLE_DEBUG_INFO = INCLUDE_SOURCE;
				MTL_FAST_MATH = YES;
				ONLY_ACTIVE_ARCH = YES;
				SDKROOT = iphoneos;
				SWIFT_ACTIVE_COMPILATION_CONDITIONS = DEBUG;
				SWIFT_OPTIMIZATION_LEVEL = "-Onone";
			};
			name = Debug;
		};
		7D56E2252920293B00FE18B3 /* Release */ = {
			isa = XCBuildConfiguration;
			buildSettings = {
				ALWAYS_SEARCH_USER_PATHS = NO;
				CLANG_ANALYZER_NONNULL = YES;
				CLANG_ANALYZER_NUMBER_OBJECT_CONVERSION = YES_AGGRESSIVE;
				CLANG_CXX_LANGUAGE_STANDARD = "gnu++20";
				CLANG_ENABLE_MODULES = YES;
				CLANG_ENABLE_OBJC_ARC = YES;
				CLANG_ENABLE_OBJC_WEAK = YES;
				CLANG_WARN_BLOCK_CAPTURE_AUTORELEASING = YES;
				CLANG_WARN_BOOL_CONVERSION = YES;
				CLANG_WARN_COMMA = YES;
				CLANG_WARN_CONSTANT_CONVERSION = YES;
				CLANG_WARN_DEPRECATED_OBJC_IMPLEMENTATIONS = YES;
				CLANG_WARN_DIRECT_OBJC_ISA_USAGE = YES_ERROR;
				CLANG_WARN_DOCUMENTATION_COMMENTS = YES;
				CLANG_WARN_EMPTY_BODY = YES;
				CLANG_WARN_ENUM_CONVERSION = YES;
				CLANG_WARN_INFINITE_RECURSION = YES;
				CLANG_WARN_INT_CONVERSION = YES;
				CLANG_WARN_NON_LITERAL_NULL_CONVERSION = YES;
				CLANG_WARN_OBJC_IMPLICIT_RETAIN_SELF = YES;
				CLANG_WARN_OBJC_LITERAL_CONVERSION = YES;
				CLANG_WARN_OBJC_ROOT_CLASS = YES_ERROR;
				CLANG_WARN_QUOTED_INCLUDE_IN_FRAMEWORK_HEADER = YES;
				CLANG_WARN_RANGE_LOOP_ANALYSIS = YES;
				CLANG_WARN_STRICT_PROTOTYPES = YES;
				CLANG_WARN_SUSPICIOUS_MOVE = YES;
				CLANG_WARN_UNGUARDED_AVAILABILITY = YES_AGGRESSIVE;
				CLANG_WARN_UNREACHABLE_CODE = YES;
				CLANG_WARN__DUPLICATE_METHOD_MATCH = YES;
				COPY_PHASE_STRIP = NO;
				DEBUG_INFORMATION_FORMAT = "dwarf-with-dsym";
				ENABLE_NS_ASSERTIONS = NO;
				ENABLE_STRICT_OBJC_MSGSEND = YES;
				GCC_C_LANGUAGE_STANDARD = gnu11;
				GCC_NO_COMMON_BLOCKS = YES;
				GCC_WARN_64_TO_32_BIT_CONVERSION = YES;
				GCC_WARN_ABOUT_RETURN_TYPE = YES_ERROR;
				GCC_WARN_UNDECLARED_SELECTOR = YES;
				GCC_WARN_UNINITIALIZED_AUTOS = YES_AGGRESSIVE;
				GCC_WARN_UNUSED_FUNCTION = YES;
				GCC_WARN_UNUSED_VARIABLE = YES;
				IPHONEOS_DEPLOYMENT_TARGET = 16.1;
				MTL_ENABLE_DEBUG_INFO = NO;
				MTL_FAST_MATH = YES;
				SDKROOT = iphoneos;
				SWIFT_COMPILATION_MODE = wholemodule;
				SWIFT_OPTIMIZATION_LEVEL = "-O";
				VALIDATE_PRODUCT = YES;
			};
			name = Release;
		};
		7D56E2272920293B00FE18B3 /* Debug */ = {
			isa = XCBuildConfiguration;
			buildSettings = {
				ASSETCATALOG_COMPILER_APPICON_NAME = AppIcon;
				ASSETCATALOG_COMPILER_GLOBAL_ACCENT_COLOR_NAME = AccentColor;
				CODE_SIGN_STYLE = Automatic;
				CURRENT_PROJECT_VERSION = 1;
				DEVELOPMENT_TEAM = 36LVHWE756;
				GENERATE_INFOPLIST_FILE = YES;
				INFOPLIST_FILE = coordinator/Info.plist;
				INFOPLIST_KEY_UIApplicationSupportsIndirectInputEvents = YES;
				INFOPLIST_KEY_UILaunchStoryboardName = LaunchScreen;
				INFOPLIST_KEY_UIMainStoryboardFile = "";
				INFOPLIST_KEY_UIRequiresFullScreen = NO;
				INFOPLIST_KEY_UISupportedInterfaceOrientations_iPad = "UIInterfaceOrientationPortrait UIInterfaceOrientationPortraitUpsideDown UIInterfaceOrientationLandscapeLeft UIInterfaceOrientationLandscapeRight";
				INFOPLIST_KEY_UISupportedInterfaceOrientations_iPhone = "UIInterfaceOrientationPortrait UIInterfaceOrientationLandscapeLeft UIInterfaceOrientationLandscapeRight";
				LD_RUNPATH_SEARCH_PATHS = (
					"$(inherited)",
					"@executable_path/Frameworks",
				);
				MARKETING_VERSION = 1.0;
				PRODUCT_BUNDLE_IDENTIFIER = me.maysamsh.coordinator;
				PRODUCT_NAME = "$(TARGET_NAME)";
				SWIFT_EMIT_LOC_STRINGS = YES;
				SWIFT_VERSION = 5.0;
				TARGETED_DEVICE_FAMILY = "1,2";
			};
			name = Debug;
		};
		7D56E2282920293B00FE18B3 /* Release */ = {
			isa = XCBuildConfiguration;
			buildSettings = {
				ASSETCATALOG_COMPILER_APPICON_NAME = AppIcon;
				ASSETCATALOG_COMPILER_GLOBAL_ACCENT_COLOR_NAME = AccentColor;
				CODE_SIGN_STYLE = Automatic;
				CURRENT_PROJECT_VERSION = 1;
				DEVELOPMENT_TEAM = 36LVHWE756;
				GENERATE_INFOPLIST_FILE = YES;
				INFOPLIST_FILE = coordinator/Info.plist;
				INFOPLIST_KEY_UIApplicationSupportsIndirectInputEvents = YES;
				INFOPLIST_KEY_UILaunchStoryboardName = LaunchScreen;
				INFOPLIST_KEY_UIMainStoryboardFile = "";
				INFOPLIST_KEY_UIRequiresFullScreen = NO;
				INFOPLIST_KEY_UISupportedInterfaceOrientations_iPad = "UIInterfaceOrientationPortrait UIInterfaceOrientationPortraitUpsideDown UIInterfaceOrientationLandscapeLeft UIInterfaceOrientationLandscapeRight";
				INFOPLIST_KEY_UISupportedInterfaceOrientations_iPhone = "UIInterfaceOrientationPortrait UIInterfaceOrientationLandscapeLeft UIInterfaceOrientationLandscapeRight";
				LD_RUNPATH_SEARCH_PATHS = (
					"$(inherited)",
					"@executable_path/Frameworks",
				);
				MARKETING_VERSION = 1.0;
				PRODUCT_BUNDLE_IDENTIFIER = me.maysamsh.coordinator;
				PRODUCT_NAME = "$(TARGET_NAME)";
				SWIFT_EMIT_LOC_STRINGS = YES;
				SWIFT_VERSION = 5.0;
				TARGETED_DEVICE_FAMILY = "1,2";
			};
			name = Release;
		};
/* End XCBuildConfiguration section */

/* Begin XCConfigurationList section */
		7D56E20D2920293800FE18B3 /* Build configuration list for PBXProject "coordinator" */ = {
			isa = XCConfigurationList;
			buildConfigurations = (
				7D56E2242920293B00FE18B3 /* Debug */,
				7D56E2252920293B00FE18B3 /* Release */,
			);
			defaultConfigurationIsVisible = 0;
			defaultConfigurationName = Release;
		};
		7D56E2262920293B00FE18B3 /* Build configuration list for PBXNativeTarget "coordinator" */ = {
			isa = XCConfigurationList;
			buildConfigurations = (
				7D56E2272920293B00FE18B3 /* Debug */,
				7D56E2282920293B00FE18B3 /* Release */,
			);
			defaultConfigurationIsVisible = 0;
			defaultConfigurationName = Release;
		};
/* End XCConfigurationList section */
	};
	rootObject = 7D56E20A2920293800FE18B3 /* Project object */;
}
